{
  "name": "challenge8-incident-status-page",
  "version": "1.0.0",
  "lockfileVersion": 1,
  "requires": true,
  "dependencies": {
    "@azure/functions": {
      "version": "1.0.3",
      "resolved": "https://registry.npmjs.org/@azure/functions/-/functions-1.0.3.tgz",
      "integrity": "sha512-/D+sz6LgWT+A6RRW2zhwlwhKqqDSxL6HCF1Q1lN0iXolD2FfNFZpzrOxGyGYEEXp/5Dtjp12bcRTBhMH1cBi2Q==",
      "dev": true
    },
    "@types/node": {
      "version": "13.1.4",
      "resolved": "https://registry.npmjs.org/@types/node/-/node-13.1.4.tgz",
      "integrity": "sha512-Lue/mlp2egZJoHXZr4LndxDAd7i/7SQYhV0EjWfb/a4/OZ6tuVwMCVPiwkU5nsEipxEf7hmkSU7Em5VQ8P5NGA==",
      "dev": true
    },
    "@types/uuid": {
      "version": "3.4.6",
      "resolved": "https://registry.npmjs.org/@types/uuid/-/uuid-3.4.6.tgz",
      "integrity": "sha512-cCdlC/1kGEZdEglzOieLDYBxHsvEOIg7kp/2FYyVR9Pxakq+Qf/inL3RKQ+PA8gOlI/NnL+fXmQH12nwcGzsHw==",
      "dev": true,
      "requires": {
        "@types/node": "*"
      }
    },
    "typescript": {
      "version": "3.7.4",
      "resolved": "https://registry.npmjs.org/typescript/-/typescript-3.7.4.tgz",
      "integrity": "sha512-A25xv5XCtarLwXpcDNZzCGvW2D1S3/bACratYBx2sax8PefsFhlYmkQicKHvpYflFS8if4zne5zT5kpJ7pzuvw==",
      "dev": true
    },
    "uuid": {
      "version": "3.3.3",
      "resolved": "https://registry.npmjs.org/uuid/-/uuid-3.3.3.tgz",
      "integrity": "sha512-pW0No1RGHgzlpHJO1nsVrHKpOEIxkGg1xB+v0ZmdNH5OAeAwzAVrCnI2/6Mtx+Uys6iaylxa+D3g4j63IKKjSQ=="
    }
  }
}
